version = 1
revision = 2
requires-python = ">=3.13"

[[package]]
name = "functional-analysis"
version = "0.1.0"
source = { virtual = "." }
dependencies = [
    { name = "plotly" },
    { name = "polars" },
]

[package.metadata]
requires-dist = [
    { name = "plotly", specifier = ">=6.3.0" },
    { name = "polars", specifier = ">=1.32.2" },
]

[[package]]
name = "narwhals"
version = "2.1.1"
source = { registry = "https://pypi.org/simple" }
sdist = { url = "https://files.pythonhosted.org/packages/88/2b/d1206ec57d44efd07a08c75ecbeeef05e6b0457dc6777b6bd2d1e79713cd/narwhals-2.1.1.tar.gz", hash = "sha256:308ec9d0e40616b66b61cd76ede4083a4232ae04942a3acef7e514d49641cb77", size = 529925, upload-time = "2025-08-12T13:06:31.306Z" }
wheels = [
    { url = "https://files.pythonhosted.org/packages/5b/9d/4e9b4b3de8e5b809a41eaa22e1516ea65636ca78eb342607434155ffe0ed/narwhals-2.1.1-py3-none-any.whl", hash = "sha256:dee7d7582d456ef325cb831a65b80783041ef841bbf183180ec445d132a154c6", size = 389471, upload-time = "2025-08-12T13:06:29.671Z" },
]

[[package]]
name = "packaging"
version = "25.0"
source = { registry = "https://pypi.org/simple" }
sdist = { url = "https://files.pythonhosted.org/packages/a1/d4/1fc4078c65507b51b96ca8f8c3ba19e6a61c8253c72794544580a7b6c24d/packaging-25.0.tar.gz", hash = "sha256:d443872c98d677bf60f6a1f2f8c1cb748e8fe762d2bf9d3148b5599295b0fc4f", size = 165727, upload-time = "2025-04-19T11:48:59.673Z" }
wheels = [
    { url = "https://files.pythonhosted.org/packages/20/12/38679034af332785aac8774540895e234f4d07f7545804097de4b666afd8/packaging-25.0-py3-none-any.whl", hash = "sha256:29572ef2b1f17581046b3a2227d5c611fb25ec70ca1ba8554b24b0e69331a484", size = 66469, upload-time = "2025-04-19T11:48:57.875Z" },
]

[[package]]
name = "plotly"
version = "6.3.0"
source = { registry = "https://pypi.org/simple" }
dependencies = [
    { name = "narwhals" },
    { name = "packaging" },
]
sdist = { url = "https://files.pythonhosted.org/packages/a0/64/850de5076f4436410e1ce4f6a69f4313ef6215dfea155f3f6559335cad29/plotly-6.3.0.tar.gz", hash = "sha256:8840a184d18ccae0f9189c2b9a2943923fd5cae7717b723f36eef78f444e5a73", size = 6923926, upload-time = "2025-08-12T20:22:14.127Z" }
wheels = [
    { url = "https://files.pythonhosted.org/packages/95/a9/12e2dc726ba1ba775a2c6922d5d5b4488ad60bdab0888c337c194c8e6de8/plotly-6.3.0-py3-none-any.whl", hash = "sha256:7ad806edce9d3cdd882eaebaf97c0c9e252043ed1ed3d382c3e3520ec07806d4", size = 9791257, upload-time = "2025-08-12T20:22:09.205Z" },
]

[[package]]
name = "polars"
version = "1.32.2"
source = { registry = "https://pypi.org/simple" }
sdist = { url = "https://files.pythonhosted.org/packages/8a/07/7864688644139b1bc198c36e34e81581ec76c8d20ae57c4879914786b2a1/polars-1.32.2.tar.gz", hash = "sha256:b4c5cefc7cf7a2461f8800cf2c09976c47cb1fd959c6ef3024d5618b497f05d3", size = 4788876, upload-time = "2025-08-07T10:51:16.587Z" }
wheels = [
    { url = "https://files.pythonhosted.org/packages/f5/61/b251ce6755d0d3c6f4c8cb245941b80901624fce7efeb95b37c170da2565/polars-1.32.2-cp39-abi3-macosx_10_12_x86_64.whl", hash = "sha256:f21da6a5210898ec800b7e9e667fb53eb9161b7ceb812ee6555ff5661a00e517", size = 37770199, upload-time = "2025-08-07T10:50:05.627Z" },
    { url = "https://files.pythonhosted.org/packages/22/74/ea073a88073cd6025b12850484f51d30dad695b51432a3f0a0439e2f8094/polars-1.32.2-cp39-abi3-macosx_11_0_arm64.whl", hash = "sha256:d3f4e061312ef6c2a907378ce407a6132734fe1a13f261a1984a1a9ca2f6febc", size = 34461798, upload-time = "2025-08-07T10:50:10.452Z" },
    { url = "https://files.pythonhosted.org/packages/ec/14/ee34ebe3eb842c83ca1d2d3af6ee02b08377e056ffad156c9a2b15a6d05c/polars-1.32.2-cp39-abi3-manylinux_2_17_x86_64.manylinux2014_x86_64.whl", hash = "sha256:a711a750cfc19f1f883d2b46895dd698abf4d446ca41c3bf510ced0ff1178057", size = 38280883, upload-time = "2025-08-07T10:50:14.168Z" },
    { url = "https://files.pythonhosted.org/packages/af/ed/0f5ab777b0dc95936074266bc6fd9cf117886ebdd6685589437edfdbb186/polars-1.32.2-cp39-abi3-manylinux_2_24_aarch64.whl", hash = "sha256:d1c53a828eedc215fb0dabc7cef02c6f4ad042157512ddb99840fd42b8da1e8a", size = 35490843, upload-time = "2025-08-07T10:50:18.325Z" },
    { url = "https://files.pythonhosted.org/packages/91/58/d2840554ef1c69e06a28ee928bdaa0d6a61af12205ff24c096628f217f99/polars-1.32.2-cp39-abi3-win_amd64.whl", hash = "sha256:5e1660a584e89e1d60cd89984feca38a695e491a966581fefe8be99c230ea154", size = 37897347, upload-time = "2025-08-07T10:50:22.247Z" },
    { url = "https://files.pythonhosted.org/packages/b8/53/4eaaa4f219add46594db21a05a9a5629ec6af20bd859a90668d5a1448abc/polars-1.32.2-cp39-abi3-win_arm64.whl", hash = "sha256:cd390364f6f3927474bd0aed255103195b9d2b3eef0f0c5bb429db5e6311615e", size = 34059100, upload-time = "2025-08-07T10:50:26.445Z" },
]
